crockeo/find-pytest.nvim=e0cbba8fe6bced8e47499a5701daa5198c940d72
crockeo/orgmode-nvim=3f02d64981523f42b7c69b7feac17d73c9544363
neoclide/coc.nvim=17494990ab110b70aec3d7c97707448c6d3e72c9
nvim-lua/completion-nvim=8bca7aca91c947031a8f14b038459e35e1755d90
nvim-treesitter/nvim-treesitter=5634b175c42a3765405060e7407330d354c69369
preservim/nerdtree=81f3eaba295b3fceb2d032db57e5eae99ae480f8
rktjmp/lush.nvim=19b7cf9217abfc50c5ae9048d1cedd15e0349131
saltstack/salt-vim=6ca9e3500cc39dd417b411435d58a1b720b331cc
tpope/vim-sensible=2d9f34c09f548ed4df213389caa2882bfe56db58
tpope/vim-sleuth=38bd4010110614822cde523ebc5724963312ab63
tpope/vim-commentary=349340debb34f6302931f0eb7139b2c11dfdf427
tpope/vim-abolish=3f0c8faadf0c5b68bcf40785c1c42e3731bfa522
airblade/vim-gitgutter=f4bdaa4e9cf07f62ce1161a3d0ff70c8aad25bc5
Shougo/denite.nvim=fb8174a07c3a19091bfdbfc9439a15466d1649fa
