Shougo/denite.nvim=a4d3cdac0d496f4bf0277d5cb22ce03cf1d6e88a
airblade/vim-gitgutter=a4d3cdac0d496f4bf0277d5cb22ce03cf1d6e88a
crockeo/find-pytest.nvim=a4d3cdac0d496f4bf0277d5cb22ce03cf1d6e88a
crockeo/orgmode-nvim=a4d3cdac0d496f4bf0277d5cb22ce03cf1d6e88a
neoclide/coc.nvim=a4d3cdac0d496f4bf0277d5cb22ce03cf1d6e88a
nvim-lua/completion-nvim=a4d3cdac0d496f4bf0277d5cb22ce03cf1d6e88a
nvim-treesitter/nvim-treesitter=a4d3cdac0d496f4bf0277d5cb22ce03cf1d6e88a
preservim/nerdtree=a4d3cdac0d496f4bf0277d5cb22ce03cf1d6e88a
rktjmp/lush.nvim=a4d3cdac0d496f4bf0277d5cb22ce03cf1d6e88a
saltstack/salt-vim=a4d3cdac0d496f4bf0277d5cb22ce03cf1d6e88a
tools-life/taskwiki=a4d3cdac0d496f4bf0277d5cb22ce03cf1d6e88a
tpope/vim-abolish=a4d3cdac0d496f4bf0277d5cb22ce03cf1d6e88a
tpope/vim-commentary=a4d3cdac0d496f4bf0277d5cb22ce03cf1d6e88a
tpope/vim-sensible=a4d3cdac0d496f4bf0277d5cb22ce03cf1d6e88a
tpope/vim-sleuth=a4d3cdac0d496f4bf0277d5cb22ce03cf1d6e88a
vimwiki/vimwiki=a4d3cdac0d496f4bf0277d5cb22ce03cf1d6e88a
